// !$*UTF8*$!
{
	archiveVersion = 1;
	classes = {
	};
	objectVersion = 50;
	objects = {

/* Begin PBXBuildFile section */
		81438CCA23994660007411D0 /* main.cpp in Sources */ = {isa = PBXBuildFile; fileRef = 81438CC923994660007411D0 /* main.cpp */; };
/* End PBXBuildFile section */

/* Begin PBXBuildRule section */
		81438CD4239957D3007411D0 /* PBXBuildRule */ = {
			isa = PBXBuildRule;
			compilerSpec = "com.intel.compilers.icc.update-19.0.281";
			fileType = sourcecode.cpp;
			inputFiles = (
			);
			isEditable = 1;
			outputFiles = (
			);
			script = "# Type a script or drag a script file from your workspace to insert its path.\n";
		};
		81A21FDD23995D0E0012AD0C /* PBXBuildRule */ = {
			isa = PBXBuildRule;
			compilerSpec = "com.intel.compilers.icc.update-19.0.281";
			fileType = sourcecode.c;
			inputFiles = (
			);
			isEditable = 1;
			outputFiles = (
			);
			script = "# Type a script or drag a script file from your workspace to insert its path.\n";
		};
/* End PBXBuildRule section */

/* Begin PBXCopyFilesBuildPhase section */
		81438CC423994660007411D0 /* CopyFiles */ = {
			isa = PBXCopyFilesBuildPhase;
			buildActionMask = 2147483647;
			dstPath = /usr/share/man/man1/;
			dstSubfolderSpec = 0;
			files = (
			);
			runOnlyForDeploymentPostprocessing = 1;
		};
		818D6177239AA56B00C889C5 /* Embed Libraries */ = {
			isa = PBXCopyFilesBuildPhase;
			buildActionMask = 2147483647;
			dstPath = "";
			dstSubfolderSpec = 10;
			files = (
			);
			name = "Embed Libraries";
			runOnlyForDeploymentPostprocessing = 0;
		};
/* End PBXCopyFilesBuildPhase section */

/* Begin PBXFileReference section */
		81276331239FE23300153588 /* Hamiltonian_Matrix.hpp */ = {isa = PBXFileReference; lastKnownFileType = sourcecode.cpp.h; path = Hamiltonian_Matrix.hpp; sourceTree = "<group>"; };
		81276332239FE44600153588 /* Hamiltonian_Diagonalizer.hpp */ = {isa = PBXFileReference; lastKnownFileType = sourcecode.cpp.h; path = Hamiltonian_Diagonalizer.hpp; sourceTree = "<group>"; };
		81438CC623994660007411D0 /* TST */ = {isa = PBXFileReference; explicitFileType = "compiled.mach-o.executable"; includeInIndex = 0; path = TST; sourceTree = BUILT_PRODUCTS_DIR; };
		81438CC923994660007411D0 /* main.cpp */ = {isa = PBXFileReference; lastKnownFileType = sourcecode.cpp.cpp; path = main.cpp; sourceTree = "<group>"; };
		81D297F6239F18AD00E9E9D2 /* _1DTopSuperConMatrix.hpp */ = {isa = PBXFileReference; fileEncoding = 4; lastKnownFileType = sourcecode.cpp.h; path = _1DTopSuperConMatrix.hpp; sourceTree = "<group>"; };
/* End PBXFileReference section */

/* Begin PBXFrameworksBuildPhase section */
		81438CC323994660007411D0 /* Frameworks */ = {
			isa = PBXFrameworksBuildPhase;
			buildActionMask = 2147483647;
			files = (
			);
			runOnlyForDeploymentPostprocessing = 0;
		};
/* End PBXFrameworksBuildPhase section */

/* Begin PBXGroup section */
		81438CBD23994660007411D0 = {
			isa = PBXGroup;
			children = (
				81438CC823994660007411D0 /* TST */,
				81438CC723994660007411D0 /* Products */,
				81438CD1239956F1007411D0 /* Frameworks */,
			);
			sourceTree = "<group>";
		};
		81438CC723994660007411D0 /* Products */ = {
			isa = PBXGroup;
			children = (
				81438CC623994660007411D0 /* TST */,
			);
			name = Products;
			sourceTree = "<group>";
		};
		81438CC823994660007411D0 /* TST */ = {
			isa = PBXGroup;
			children = (
				81D297F6239F18AD00E9E9D2 /* _1DTopSuperConMatrix.hpp */,
				81438CC923994660007411D0 /* main.cpp */,
				81276331239FE23300153588 /* Hamiltonian_Matrix.hpp */,
				81276332239FE44600153588 /* Hamiltonian_Diagonalizer.hpp */,
			);
			path = TST;
			sourceTree = "<group>";
		};
		81438CD1239956F1007411D0 /* Frameworks */ = {
			isa = PBXGroup;
			children = (
			);
			name = Frameworks;
			sourceTree = "<group>";
		};
/* End PBXGroup section */

/* Begin PBXNativeTarget section */
		81438CC523994660007411D0 /* TST */ = {
			isa = PBXNativeTarget;
			buildConfigurationList = 81438CCD23994660007411D0 /* Build configuration list for PBXNativeTarget "TST" */;
			buildPhases = (
				81438CC223994660007411D0 /* Sources */,
				81438CC323994660007411D0 /* Frameworks */,
				81438CC423994660007411D0 /* CopyFiles */,
				818D6177239AA56B00C889C5 /* Embed Libraries */,
			);
			buildRules = (
				81A21FDD23995D0E0012AD0C /* PBXBuildRule */,
				81438CD4239957D3007411D0 /* PBXBuildRule */,
			);
			dependencies = (
			);
			name = TST;
			productName = TST;
			productReference = 81438CC623994660007411D0 /* TST */;
			productType = "com.apple.product-type.tool";
		};
/* End PBXNativeTarget section */

/* Begin PBXProject section */
		81438CBE23994660007411D0 /* Project object */ = {
			isa = PBXProject;
			attributes = {
				LastUpgradeCheck = 1120;
				ORGANIZATIONNAME = "Jakob Teuffel";
				TargetAttributes = {
					81438CC523994660007411D0 = {
						CreatedOnToolsVersion = 11.2.1;
					};
				};
			};
			buildConfigurationList = 81438CC123994660007411D0 /* Build configuration list for PBXProject "TST" */;
			compatibilityVersion = "Xcode 9.3";
			developmentRegion = en;
			hasScannedForEncodings = 0;
			knownRegions = (
				en,
				Base,
			);
			mainGroup = 81438CBD23994660007411D0;
			productRefGroup = 81438CC723994660007411D0 /* Products */;
			projectDirPath = "";
			projectRoot = "";
			targets = (
				81438CC523994660007411D0 /* TST */,
			);
		};
/* End PBXProject section */

/* Begin PBXSourcesBuildPhase section */
		81438CC223994660007411D0 /* Sources */ = {
			isa = PBXSourcesBuildPhase;
			buildActionMask = 2147483647;
			files = (
				81438CCA23994660007411D0 /* main.cpp in Sources */,
			);
			runOnlyForDeploymentPostprocessing = 0;
		};
/* End PBXSourcesBuildPhase section */

/* Begin XCBuildConfiguration section */
		81438CCB23994660007411D0 /* Debug */ = {
			isa = XCBuildConfiguration;
			buildSettings = {
				ALWAYS_SEARCH_USER_PATHS = NO;
				CLANG_ANALYZER_NONNULL = YES;
				CLANG_ANALYZER_NUMBER_OBJECT_CONVERSION = YES_AGGRESSIVE;
				CLANG_CXX_LANGUAGE_STANDARD = "c++14";
				CLANG_CXX_LIBRARY = "libc++";
				CLANG_ENABLE_MODULES = YES;
				CLANG_ENABLE_OBJC_ARC = YES;
				CLANG_ENABLE_OBJC_WEAK = YES;
				CLANG_WARN_BLOCK_CAPTURE_AUTORELEASING = YES;
				CLANG_WARN_BOOL_CONVERSION = YES;
				CLANG_WARN_COMMA = YES;
				CLANG_WARN_CONSTANT_CONVERSION = YES;
				CLANG_WARN_DEPRECATED_OBJC_IMPLEMENTATIONS = YES;
				CLANG_WARN_DIRECT_OBJC_ISA_USAGE = YES_ERROR;
				CLANG_WARN_DOCUMENTATION_COMMENTS = YES;
				CLANG_WARN_EMPTY_BODY = YES;
				CLANG_WARN_ENUM_CONVERSION = YES;
				CLANG_WARN_INFINITE_RECURSION = YES;
				CLANG_WARN_INT_CONVERSION = YES;
				CLANG_WARN_NON_LITERAL_NULL_CONVERSION = YES;
				CLANG_WARN_OBJC_IMPLICIT_RETAIN_SELF = YES;
				CLANG_WARN_OBJC_LITERAL_CONVERSION = YES;
				CLANG_WARN_OBJC_ROOT_CLASS = YES_ERROR;
				CLANG_WARN_RANGE_LOOP_ANALYSIS = YES;
				CLANG_WARN_STRICT_PROTOTYPES = YES;
				CLANG_WARN_SUSPICIOUS_MOVE = YES;
				CLANG_WARN_UNGUARDED_AVAILABILITY = YES_AGGRESSIVE;
				CLANG_WARN_UNREACHABLE_CODE = YES;
				CLANG_WARN__DUPLICATE_METHOD_MATCH = YES;
				COPY_PHASE_STRIP = NO;
				DEBUG_INFORMATION_FORMAT = dwarf;
				ENABLE_STRICT_OBJC_MSGSEND = YES;
				ENABLE_TESTABILITY = YES;
				GCC_C_LANGUAGE_STANDARD = c11;
				GCC_DYNAMIC_NO_PIC = NO;
				GCC_NO_COMMON_BLOCKS = YES;
				GCC_OPTIMIZATION_LEVEL = 0;
				GCC_PREPROCESSOR_DEFINITIONS = (
					"DEBUG=1",
					"$(inherited)",
				);
				GCC_WARN_64_TO_32_BIT_CONVERSION = YES;
				GCC_WARN_ABOUT_RETURN_TYPE = YES_ERROR;
				GCC_WARN_UNDECLARED_SELECTOR = YES;
				GCC_WARN_UNINITIALIZED_AUTOS = YES_AGGRESSIVE;
				GCC_WARN_UNUSED_FUNCTION = YES;
				GCC_WARN_UNUSED_VARIABLE = YES;
				HEADER_SEARCH_PATHS = (
					"/usr/local/include/**",
					/opt/intel/mkl/include/,
				);
				ICC_LANG_OPENMP = parallel;
				ICC_MKL = threaded;
				LIBRARY_SEARCH_PATHS = /opt/intel/mkl/bin;
				MACOSX_DEPLOYMENT_TARGET = 10.14;
				MTL_ENABLE_DEBUG_INFO = INCLUDE_SOURCE;
				MTL_FAST_MATH = YES;
				ONLY_ACTIVE_ARCH = YES;
				SDKROOT = macosx;
			};
			name = Debug;
		};
		81438CCC23994660007411D0 /* Release */ = {
			isa = XCBuildConfiguration;
			buildSettings = {
				ALWAYS_SEARCH_USER_PATHS = NO;
				CLANG_ANALYZER_NONNULL = YES;
				CLANG_ANALYZER_NUMBER_OBJECT_CONVERSION = YES_AGGRESSIVE;
				CLANG_CXX_LANGUAGE_STANDARD = "c++14";
				CLANG_CXX_LIBRARY = "libc++";
				CLANG_ENABLE_MODULES = YES;
				CLANG_ENABLE_OBJC_ARC = YES;
				CLANG_ENABLE_OBJC_WEAK = YES;
				CLANG_WARN_BLOCK_CAPTURE_AUTORELEASING = YES;
				CLANG_WARN_BOOL_CONVERSION = YES;
				CLANG_WARN_COMMA = YES;
				CLANG_WARN_CONSTANT_CONVERSION = YES;
				CLANG_WARN_DEPRECATED_OBJC_IMPLEMENTATIONS = YES;
				CLANG_WARN_DIRECT_OBJC_ISA_USAGE = YES_ERROR;
				CLANG_WARN_DOCUMENTATION_COMMENTS = YES;
				CLANG_WARN_EMPTY_BODY = YES;
				CLANG_WARN_ENUM_CONVERSION = YES;
				CLANG_WARN_INFINITE_RECURSION = YES;
				CLANG_WARN_INT_CONVERSION = YES;
				CLANG_WARN_NON_LITERAL_NULL_CONVERSION = YES;
				CLANG_WARN_OBJC_IMPLICIT_RETAIN_SELF = YES;
				CLANG_WARN_OBJC_LITERAL_CONVERSION = YES;
				CLANG_WARN_OBJC_ROOT_CLASS = YES_ERROR;
				CLANG_WARN_RANGE_LOOP_ANALYSIS = YES;
				CLANG_WARN_STRICT_PROTOTYPES = YES;
				CLANG_WARN_SUSPICIOUS_MOVE = YES;
				CLANG_WARN_UNGUARDED_AVAILABILITY = YES_AGGRESSIVE;
				CLANG_WARN_UNREACHABLE_CODE = YES;
				CLANG_WARN__DUPLICATE_METHOD_MATCH = YES;
				COPY_PHASE_STRIP = NO;
				DEBUG_INFORMATION_FORMAT = "dwarf-with-dsym";
				ENABLE_NS_ASSERTIONS = NO;
				ENABLE_STRICT_OBJC_MSGSEND = YES;
				GCC_C_LANGUAGE_STANDARD = c11;
				GCC_NO_COMMON_BLOCKS = YES;
				GCC_WARN_64_TO_32_BIT_CONVERSION = YES;
				GCC_WARN_ABOUT_RETURN_TYPE = YES_ERROR;
				GCC_WARN_UNDECLARED_SELECTOR = YES;
				GCC_WARN_UNINITIALIZED_AUTOS = YES_AGGRESSIVE;
				GCC_WARN_UNUSED_FUNCTION = YES;
				GCC_WARN_UNUSED_VARIABLE = YES;
				HEADER_SEARCH_PATHS = (
					"/usr/local/include/**",
					/opt/intel/mkl/include/,
				);
				ICC_LANG_OPENMP = parallel;
				ICC_MKL = threaded;
				LIBRARY_SEARCH_PATHS = /opt/intel/mkl/bin;
				MACOSX_DEPLOYMENT_TARGET = 10.14;
				MTL_ENABLE_DEBUG_INFO = NO;
				MTL_FAST_MATH = YES;
				SDKROOT = macosx;
			};
			name = Release;
		};
		81438CCE23994660007411D0 /* Debug */ = {
			isa = XCBuildConfiguration;
			buildSettings = {
				CODE_SIGN_STYLE = Automatic;
				GCC_VERSION = "com.intel.compilers.icc.update-19.0.281";
				HEADER_SEARCH_PATHS = (
					/opt/intel/mkl/include,
					"/usr/local/include/**",
				);
				ICC_GUIDE = default;
				ICC_LANG_OPENMP = parallel;
				ICC_OPT_INLINE = "-inline-forceinline";
				ICC_OPT_PARALLEL = YES;
				LD_RUNPATH_SEARCH_PATHS = "";
				"LD_RUNPATH_SEARCH_PATHS[arch=*]" = "";
				LIBRARY_SEARCH_PATHS = (
					/opt/intel/mkl/bin,
					"/usr/local/lib/**",
				);
				PRODUCT_NAME = "$(TARGET_NAME)";
			};
			name = Debug;
		};
		81438CCF23994660007411D0 /* Release */ = {
			isa = XCBuildConfiguration;
			buildSettings = {
				CODE_SIGN_STYLE = Automatic;
				GCC_VERSION = "com.intel.compilers.icc.update-19.0.281";
				HEADER_SEARCH_PATHS = (
					/opt/intel/mkl/include,
					"/usr/local/include/**",
				);
				ICC_GUIDE = default;
				ICC_LANG_OPENMP = parallel;
				ICC_OPT_INLINE = "-inline-forceinline";
				ICC_OPT_PARALLEL = YES;
				LD_RUNPATH_SEARCH_PATHS = "";
				LIBRARY_SEARCH_PATHS = (
					/opt/intel/mkl/bin,
					"/usr/local/lib/**",
				);
				PRODUCT_NAME = "$(TARGET_NAME)";
			};
			name = Release;
		};
/* End XCBuildConfiguration section */

/* Begin XCConfigurationList section */
		81438CC123994660007411D0 /* Build configuration list for PBXProject "TST" */ = {
			isa = XCConfigurationList;
			buildConfigurations = (
				81438CCB23994660007411D0 /* Debug */,
				81438CCC23994660007411D0 /* Release */,
			);
			defaultConfigurationIsVisible = 0;
			defaultConfigurationName = Release;
		};
		81438CCD23994660007411D0 /* Build configuration list for PBXNativeTarget "TST" */ = {
			isa = XCConfigurationList;
			buildConfigurations = (
				81438CCE23994660007411D0 /* Debug */,
				81438CCF23994660007411D0 /* Release */,
			);
			defaultConfigurationIsVisible = 0;
			defaultConfigurationName = Release;
		};
/* End XCConfigurationList section */
	};
	rootObject = 81438CBE23994660007411D0 /* Project object */;
}
